
Microsoft Visual Studio Solution File, Format Version 12.00
# Visual Studio 15
VisualStudioVersion = 15.0.27703.2018
MinimumVisualStudioVersion = 10.0.40219.1
Project("{F184B08F-C81C-45F6-A57F-5ABD9991F28F}") = "Online_Check_Server", "Online_Check_Server\Online_Check_Server.vbproj", "{700409FD-D6CD-4E55-A259-F09CA6ADEECA}"
EndProject
Project("{2150E333-8FDC-42A3-9474-1A3956D46DE8}") = "Solution Items", "Solution Items", "{2E768BD6-2D21-4A5A-B79F-27AF342060F2}"
	ProjectSection(SolutionItems) = preProject
		ErrorLogController.vb = ErrorLogController.vb
	EndProjectSection
EndProject
Global
	GlobalSection(SolutionConfigurationPlatforms) = preSolution
		Debug|Any CPU = Debug|Any CPU
		Release|Any CPU = Release|Any CPU
	EndGlobalSection
	GlobalSection(ProjectConfigurationPlatforms) = postSolution
		{700409FD-D6CD-4E55-A259-F09CA6ADEECA}.Debug|Any CPU.ActiveCfg = Debug|Any CPU
		{700409FD-D6CD-4E55-A259-F09CA6ADEECA}.Debug|Any CPU.Build.0 = Debug|Any CPU
		{700409FD-D6CD-4E55-A259-F09CA6ADEECA}.Release|Any CPU.ActiveCfg = Release|Any CPU
		{700409FD-D6CD-4E55-A259-F09CA6ADEECA}.Release|Any CPU.Build.0 = Release|Any CPU
	EndGlobalSection
	GlobalSection(SolutionProperties) = preSolution
		HideSolutionNode = FALSE
	EndGlobalSection
	GlobalSection(ExtensibilityGlobals) = postSolution
		SolutionGuid = {254BE85C-2266-48D2-808A-870567281C29}
	EndGlobalSection
EndGlobal
